
Microsoft Visual Studio Solution File, Format Version 12.00
# Visual Studio Version 17
VisualStudioVersion = 17.8.34309.116
MinimumVisualStudioVersion = 10.0.40219.1
Project("{FAE04EC0-301F-11D3-BF4B-00C04F79EFBC}") = "WebSocketServer", "WebSocketServer.csproj", "{6B01D29D-3DDF-4288-B9DA-FEEEB97AF420}"
EndProject
Global
	GlobalSection(SolutionConfigurationPlatforms) = preSolution
		Debug|Any CPU = Debug|Any CPU
		Release|Any CPU = Release|Any CPU
	EndGlobalSection
	GlobalSection(ProjectConfigurationPlatforms) = postSolution
		{6B01D29D-3DDF-4288-B9DA-FEEEB97AF420}.Debug|Any CPU.ActiveCfg = Debug|Any CPU
		{6B01D29D-3DDF-4288-B9DA-FEEEB97AF420}.Debug|Any CPU.Build.0 = Debug|Any CPU
		{6B01D29D-3DDF-4288-B9DA-FEEEB97AF420}.Release|Any CPU.ActiveCfg = Release|Any CPU
		{6B01D29D-3DDF-4288-B9DA-FEEEB97AF420}.Release|Any CPU.Build.0 = Release|Any CPU
	EndGlobalSection
	GlobalSection(SolutionProperties) = preSolution
		HideSolutionNode = FALSE
	EndGlobalSection
	GlobalSection(ExtensibilityGlobals) = postSolution
		SolutionGuid = {C5E897D6-B7D8-4187-AEC1-7D9AC585C6B7}
	EndGlobalSection
EndGlobal
